# This file is automatically @generated by Cargo.
# It is not intended for manual editing.
version = 4

[[package]]
name = "serveros-agent"
version = "0.1.0"
dependencies = [
 "serveros-crypto",
 "serveros-docker",
 "serveros-fsops",
 "serveros-http",
 "serveros-json",
 "serveros-linux",
 "serveros-pg",
 "serveros-systemd",
]

[[package]]
name = "serveros-crypto"
version = "0.1.0"

[[package]]
name = "serveros-docker"
version = "0.1.0"
dependencies = [
 "serveros-http",
 "serveros-json",
]

[[package]]
name = "serveros-fsops"
version = "0.1.0"
dependencies = [
 "serveros-json",
]

[[package]]
name = "serveros-http"
version = "0.1.0"
dependencies = [
 "serveros-crypto",
 "serveros-json",
]

[[package]]
name = "serveros-json"
version = "0.1.0"

[[package]]
name = "serveros-linux"
version = "0.1.0"
dependencies = [
 "serveros-json",
]

[[package]]
name = "serveros-pg"
version = "0.1.0"
dependencies = [
 "serveros-crypto",
 "serveros-json",
]

[[package]]
name = "serveros-systemd"
version = "0.1.0"
dependencies = [
 "serveros-json",
]
